
Microsoft Visual Studio Solution File, Format Version 12.00
# Visual Studio Version 17
VisualStudioVersion = 17.0.31903.59
MinimumVisualStudioVersion = 10.0.40219.1
Project("{2150E333-8FDC-42A3-9474-1A3956D46DE8}") = "src", "src", "{676F4E2E-4A54-450C-85DA-856A45C22092}"
EndProject
Project("{FAE04EC0-301F-11D3-BF4B-00C04F79EFBC}") = "Lampman.Cli", "src\Cli\Lampman.Cli.csproj", "{37B7C876-8D82-4F81-A92C-8EF3E90D36D1}"
EndProject
Project("{FAE04EC0-301F-11D3-BF4B-00C04F79EFBC}") = "Lampman.Core", "src\Core\Lampman.Core.csproj", "{12879CD4-39AB-4B27-B105-7CF4D5272390}"
EndProject
Project("{FAE04EC0-301F-11D3-BF4B-00C04F79EFBC}") = "Lampman.Tests", "src\Tests\Lampman.Tests.csproj", "{79B7607A-4960-49FF-8AF4-23B3A87F51F7}"
EndProject
Global
	GlobalSection(SolutionConfigurationPlatforms) = preSolution
		Debug|Any CPU = Debug|Any CPU
		Release|Any CPU = Release|Any CPU
	EndGlobalSection
	GlobalSection(SolutionProperties) = preSolution
		HideSolutionNode = FALSE
	EndGlobalSection
	GlobalSection(ProjectConfigurationPlatforms) = postSolution
		{37B7C876-8D82-4F81-A92C-8EF3E90D36D1}.Debug|Any CPU.ActiveCfg = Debug|Any CPU
		{37B7C876-8D82-4F81-A92C-8EF3E90D36D1}.Debug|Any CPU.Build.0 = Debug|Any CPU
		{37B7C876-8D82-4F81-A92C-8EF3E90D36D1}.Release|Any CPU.ActiveCfg = Release|Any CPU
		{37B7C876-8D82-4F81-A92C-8EF3E90D36D1}.Release|Any CPU.Build.0 = Release|Any CPU
		{12879CD4-39AB-4B27-B105-7CF4D5272390}.Debug|Any CPU.ActiveCfg = Debug|Any CPU
		{12879CD4-39AB-4B27-B105-7CF4D5272390}.Debug|Any CPU.Build.0 = Debug|Any CPU
		{12879CD4-39AB-4B27-B105-7CF4D5272390}.Release|Any CPU.ActiveCfg = Release|Any CPU
		{12879CD4-39AB-4B27-B105-7CF4D5272390}.Release|Any CPU.Build.0 = Release|Any CPU
		{79B7607A-4960-49FF-8AF4-23B3A87F51F7}.Debug|Any CPU.ActiveCfg = Debug|Any CPU
		{79B7607A-4960-49FF-8AF4-23B3A87F51F7}.Debug|Any CPU.Build.0 = Debug|Any CPU
		{79B7607A-4960-49FF-8AF4-23B3A87F51F7}.Release|Any CPU.ActiveCfg = Release|Any CPU
		{79B7607A-4960-49FF-8AF4-23B3A87F51F7}.Release|Any CPU.Build.0 = Release|Any CPU
	EndGlobalSection
	GlobalSection(NestedProjects) = preSolution
		{37B7C876-8D82-4F81-A92C-8EF3E90D36D1} = {676F4E2E-4A54-450C-85DA-856A45C22092}
		{12879CD4-39AB-4B27-B105-7CF4D5272390} = {676F4E2E-4A54-450C-85DA-856A45C22092}
		{79B7607A-4960-49FF-8AF4-23B3A87F51F7} = {676F4E2E-4A54-450C-85DA-856A45C22092}
	EndGlobalSection
EndGlobal
